
Microsoft Visual Studio Solution File, Format Version 12.00
# Visual Studio 2013
VisualStudioVersion = 12.0.31101.0
MinimumVisualStudioVersion = 10.0.40219.1
Project("{FAE04EC0-301F-11D3-BF4B-00C04F79EFBC}") = "MiConsole", "MiConsole\MiConsole.csproj", "{08797C9B-9BB0-43C0-8048-9A00A888490A}"
EndProject
Project("{FAE04EC0-301F-11D3-BF4B-00C04F79EFBC}") = "IIOPChannelVS10", "IIOPChannel\IIOPChannelVS10.csproj", "{06B8BCFF-7887-4DCE-B451-0DCA831D4A2D}"
EndProject
Project("{FAE04EC0-301F-11D3-BF4B-00C04F79EFBC}") = "IDLToCLSCompilerVS10", "IDLCompiler\IDLToCLSCompilerVS10.csproj", "{3874C0C0-0AFF-4D8F-BFEB-EDB6499AEA8F}"
EndProject
Project("{FAE04EC0-301F-11D3-BF4B-00C04F79EFBC}") = "IDLPreprocessorVS10", "IDLPreprocessor\IDLPreprocessorVS10.csproj", "{76FDDBCE-9A94-48F4-9502-067736AC0533}"
EndProject
Global
	GlobalSection(SolutionConfigurationPlatforms) = preSolution
		Debug|Any CPU = Debug|Any CPU
		Release|Any CPU = Release|Any CPU
		Testing|Any CPU = Testing|Any CPU
	EndGlobalSection
	GlobalSection(ProjectConfigurationPlatforms) = postSolution
		{08797C9B-9BB0-43C0-8048-9A00A888490A}.Debug|Any CPU.ActiveCfg = Debug|Any CPU
		{08797C9B-9BB0-43C0-8048-9A00A888490A}.Debug|Any CPU.Build.0 = Debug|Any CPU
		{08797C9B-9BB0-43C0-8048-9A00A888490A}.Release|Any CPU.ActiveCfg = Release|Any CPU
		{08797C9B-9BB0-43C0-8048-9A00A888490A}.Release|Any CPU.Build.0 = Release|Any CPU
		{08797C9B-9BB0-43C0-8048-9A00A888490A}.Testing|Any CPU.ActiveCfg = Release|Any CPU
		{08797C9B-9BB0-43C0-8048-9A00A888490A}.Testing|Any CPU.Build.0 = Release|Any CPU
		{06B8BCFF-7887-4DCE-B451-0DCA831D4A2D}.Debug|Any CPU.ActiveCfg = Debug|Any CPU
		{06B8BCFF-7887-4DCE-B451-0DCA831D4A2D}.Debug|Any CPU.Build.0 = Debug|Any CPU
		{06B8BCFF-7887-4DCE-B451-0DCA831D4A2D}.Release|Any CPU.ActiveCfg = Release|Any CPU
		{06B8BCFF-7887-4DCE-B451-0DCA831D4A2D}.Release|Any CPU.Build.0 = Release|Any CPU
		{06B8BCFF-7887-4DCE-B451-0DCA831D4A2D}.Testing|Any CPU.ActiveCfg = Testing|Any CPU
		{06B8BCFF-7887-4DCE-B451-0DCA831D4A2D}.Testing|Any CPU.Build.0 = Testing|Any CPU
		{3874C0C0-0AFF-4D8F-BFEB-EDB6499AEA8F}.Debug|Any CPU.ActiveCfg = Debug|Any CPU
		{3874C0C0-0AFF-4D8F-BFEB-EDB6499AEA8F}.Debug|Any CPU.Build.0 = Debug|Any CPU
		{3874C0C0-0AFF-4D8F-BFEB-EDB6499AEA8F}.Release|Any CPU.ActiveCfg = Release|Any CPU
		{3874C0C0-0AFF-4D8F-BFEB-EDB6499AEA8F}.Release|Any CPU.Build.0 = Release|Any CPU
		{3874C0C0-0AFF-4D8F-BFEB-EDB6499AEA8F}.Testing|Any CPU.ActiveCfg = Testing|Any CPU
		{3874C0C0-0AFF-4D8F-BFEB-EDB6499AEA8F}.Testing|Any CPU.Build.0 = Testing|Any CPU
		{76FDDBCE-9A94-48F4-9502-067736AC0533}.Debug|Any CPU.ActiveCfg = Debug|Any CPU
		{76FDDBCE-9A94-48F4-9502-067736AC0533}.Debug|Any CPU.Build.0 = Debug|Any CPU
		{76FDDBCE-9A94-48F4-9502-067736AC0533}.Release|Any CPU.ActiveCfg = Release|Any CPU
		{76FDDBCE-9A94-48F4-9502-067736AC0533}.Release|Any CPU.Build.0 = Release|Any CPU
		{76FDDBCE-9A94-48F4-9502-067736AC0533}.Testing|Any CPU.ActiveCfg = Testing|Any CPU
		{76FDDBCE-9A94-48F4-9502-067736AC0533}.Testing|Any CPU.Build.0 = Testing|Any CPU
	EndGlobalSection
	GlobalSection(SolutionProperties) = preSolution
		HideSolutionNode = FALSE
	EndGlobalSection
EndGlobal
